{
  "name": "llm-scraper",
  "version": "1.5.1",
  "lockfileVersion": 3,
  "requires": true,
  "packages": {
    "": {
      "name": "llm-scraper",
      "version": "1.5.1",
      "license": "MIT",
      "dependencies": {
        "@ai-sdk/provider": "^1.1.3",
        "ai": "^4.3.15",
        "turndown": "^7.2.0",
        "zod-to-json-schema": "^3.24.5"
      },
      "devDependencies": {
        "@ai-sdk/openai": "^1.3.22",
        "@types/node": "^22.15.18",
        "@types/react": "^18.2.79",
        "ollama-ai-provider": "^1.2.0",
        "playwright": "^1.52.0",
        "typescript": "^5.8.3",
        "zod": "^3.24.4"
      }
    },
    "node_modules/@ai-sdk/openai": {
      "version": "1.3.22",
      "resolved": "https://registry.npmjs.org/@ai-sdk/openai/-/openai-1.3.22.tgz",
      "integrity": "sha512-QwA+2EkG0QyjVR+7h6FE7iOu2ivNqAVMm9UJZkVxxTk5OIq5fFJDTEI/zICEMuHImTTXR2JjsL6EirJ28Jc4cw==",
      "dev": true,
      "license": "Apache-2.0",
      "dependencies": {
        "@ai-sdk/provider": "1.1.3",
        "@ai-sdk/provider-utils": "2.2.8"
      },
      "engines": {
        "node": ">=18"
      },
      "peerDependencies": {
        "zod": "^3.0.0"
      }
    },
    "node_modules/@ai-sdk/provider": {
      "version": "1.1.3",
      "resolved": "https://registry.npmjs.org/@ai-sdk/provider/-/provider-1.1.3.tgz",
      "integrity": "sha512-qZMxYJ0qqX/RfnuIaab+zp8UAeJn/ygXXAffR5I4N0n1IrvA6qBsjc8hXLmBiMV2zoXlifkacF7sEFnYnjBcqg==",
      "license": "Apache-2.0",
      "dependencies": {
        "json-schema": "^0.4.0"
      },
      "engines": {
        "node": ">=18"
      }
    },
    "node_modules/@ai-sdk/provider-utils": {
      "version": "2.2.8",
      "resolved": "https://registry.npmjs.org/@ai-sdk/provider-utils/-/provider-utils-2.2.8.tgz",
      "integrity": "sha512-fqhG+4sCVv8x7nFzYnFo19ryhAa3w096Kmc3hWxMQfW/TubPOmt3A6tYZhl4mUfQWWQMsuSkLrtjlWuXBVSGQA==",
      "license": "Apache-2.0",
      "dependencies": {
        "@ai-sdk/provider": "1.1.3",
        "nanoid": "^3.3.8",
        "secure-json-parse": "^2.7.0"
      },
      "engines": {
        "node": ">=18"
      },
      "peerDependencies": {
        "zod": "^3.23.8"
      }
    },
    "node_modules/@ai-sdk/react": {
      "version": "1.2.12",
      "resolved": "https://registry.npmjs.org/@ai-sdk/react/-/react-1.2.12.tgz",
      "integrity": "sha512-jK1IZZ22evPZoQW3vlkZ7wvjYGYF+tRBKXtrcolduIkQ/m/sOAVcVeVDUDvh1T91xCnWCdUGCPZg2avZ90mv3g==",
      "license": "Apache-2.0",
      "dependencies": {
        "@ai-sdk/provider-utils": "2.2.8",
        "@ai-sdk/ui-utils": "1.2.11",
        "swr": "^2.2.5",
        "throttleit": "2.1.0"
      },
      "engines": {
        "node": ">=18"
      },
      "peerDependencies": {
        "react": "^18 || ^19 || ^19.0.0-rc",
        "zod": "^3.23.8"
      },
      "peerDependenciesMeta": {
        "zod": {
          "optional": true
        }
      }
    },
    "node_modules/@ai-sdk/ui-utils": {
      "version": "1.2.11",
      "resolved": "https://registry.npmjs.org/@ai-sdk/ui-utils/-/ui-utils-1.2.11.tgz",
      "integrity": "sha512-3zcwCc8ezzFlwp3ZD15wAPjf2Au4s3vAbKsXQVyhxODHcmu0iyPO2Eua6D/vicq/AUm/BAo60r97O6HU+EI0+w==",
      "license": "Apache-2.0",
      "dependencies": {
        "@ai-sdk/provider": "1.1.3",
        "@ai-sdk/provider-utils": "2.2.8",
        "zod-to-json-schema": "^3.24.1"
      },
      "engines": {
        "node": ">=18"
      },
      "peerDependencies": {
        "zod": "^3.23.8"
      }
    },
    "node_modules/@mixmark-io/domino": {
      "version": "2.2.0",
      "resolved": "https://registry.npmjs.org/@mixmark-io/domino/-/domino-2.2.0.tgz",
      "integrity": "sha512-Y28PR25bHXUg88kCV7nivXrP2Nj2RueZ3/l/jdx6J9f8J4nsEGcgX0Qe6lt7Pa+J79+kPiJU3LguR6O/6zrLOw==",
      "license": "BSD-2-Clause"
    },
    "node_modules/@opentelemetry/api": {
      "version": "1.9.0",
      "resolved": "https://registry.npmjs.org/@opentelemetry/api/-/api-1.9.0.tgz",
      "integrity": "sha512-3giAOQvZiH5F9bMlMiv8+GSPMeqg0dbaeo58/0SlA9sxSqZhnUtxzX9/2FzyhS9sWQf5S0GJE0AKBrFqjpeYcg==",
      "license": "Apache-2.0",
      "engines": {
        "node": ">=8.0.0"
      }
    },
    "node_modules/@types/diff-match-patch": {
      "version": "1.0.36",
      "resolved": "https://registry.npmjs.org/@types/diff-match-patch/-/diff-match-patch-1.0.36.tgz",
      "integrity": "sha512-xFdR6tkm0MWvBfO8xXCSsinYxHcqkQUlcHeSpMC2ukzOb6lwQAfDmW+Qt0AvlGd8HpsS28qKsB+oPeJn9I39jg=="
    },
    "node_modules/@types/node": {
      "version": "22.15.18",
      "resolved": "https://registry.npmjs.org/@types/node/-/node-22.15.18.tgz",
      "integrity": "sha512-v1DKRfUdyW+jJhZNEI1PYy29S2YRxMV5AOO/x/SjKmW0acCIOqmbj6Haf9eHAhsPmrhlHSxEhv/1WszcLWV4cg==",
      "dev": true,
      "license": "MIT",
      "dependencies": {
        "undici-types": "~6.21.0"
      }
    },
    "node_modules/@types/prop-types": {
      "version": "15.7.12",
      "resolved": "https://registry.npmjs.org/@types/prop-types/-/prop-types-15.7.12.tgz",
      "integrity": "sha512-5zvhXYtRNRluoE/jAp4GVsSduVUzNWKkOZrCDBWYtE7biZywwdC2AcEzg+cSMLFRfVgeAFqpfNabiPjxFddV1Q==",
      "dev": true
    },
    "node_modules/@types/react": {
      "version": "18.3.3",
      "resolved": "https://registry.npmjs.org/@types/react/-/react-18.3.3.tgz",
      "integrity": "sha512-hti/R0pS0q1/xx+TsI73XIqk26eBsISZ2R0wUijXIngRK9R/e7Xw/cXVxQK7R5JjW+SV4zGcn5hXjudkN/pLIw==",
      "dev": true,
      "dependencies": {
        "@types/prop-types": "*",
        "csstype": "^3.0.2"
      }
    },
    "node_modules/ai": {
      "version": "4.3.15",
      "resolved": "https://registry.npmjs.org/ai/-/ai-4.3.15.tgz",
      "integrity": "sha512-TYKRzbWg6mx/pmTadlAEIhuQtzfHUV0BbLY72+zkovXwq/9xhcH24IlQmkyBpElK6/4ArS0dHdOOtR1jOPVwtg==",
      "license": "Apache-2.0",
      "dependencies": {
        "@ai-sdk/provider": "1.1.3",
        "@ai-sdk/provider-utils": "2.2.8",
        "@ai-sdk/react": "1.2.12",
        "@ai-sdk/ui-utils": "1.2.11",
        "@opentelemetry/api": "1.9.0",
        "jsondiffpatch": "0.6.0"
      },
      "engines": {
        "node": ">=18"
      },
      "peerDependencies": {
        "react": "^18 || ^19 || ^19.0.0-rc",
        "zod": "^3.23.8"
      },
      "peerDependenciesMeta": {
        "react": {
          "optional": true
        }
      }
    },
    "node_modules/chalk": {
      "version": "5.3.0",
      "resolved": "https://registry.npmjs.org/chalk/-/chalk-5.3.0.tgz",
      "integrity": "sha512-dLitG79d+GV1Nb/VYcCDFivJeK1hiukt9QjRNVOsUtTy1rR1YJsmpGGTZ3qJos+uw7WmWF4wUwBd9jxjocFC2w==",
      "engines": {
        "node": "^12.17.0 || ^14.13 || >=16.0.0"
      },
      "funding": {
        "url": "https://github.com/chalk/chalk?sponsor=1"
      }
    },
    "node_modules/csstype": {
      "version": "3.1.3",
      "resolved": "https://registry.npmjs.org/csstype/-/csstype-3.1.3.tgz",
      "integrity": "sha512-M1uQkMl8rQK/szD0LNhtqxIPLpimGm8sOBwU7lLnCpSbTyY3yeU1Vc7l4KT5zT4s/yOxHH5O7tIuuLOCnLADRw==",
      "dev": true
    },
    "node_modules/dequal": {
      "version": "2.0.3",
      "resolved": "https://registry.npmjs.org/dequal/-/dequal-2.0.3.tgz",
      "integrity": "sha512-0je+qPKHEMohvfRTCEo3CrPG6cAzAYgmzKyxRiYSSDkS6eGJdyVJm7WaYA5ECaAD9wLB2T4EEeymA5aFVcYXCA==",
      "license": "MIT",
      "engines": {
        "node": ">=6"
      }
    },
    "node_modules/diff-match-patch": {
      "version": "1.0.5",
      "resolved": "https://registry.npmjs.org/diff-match-patch/-/diff-match-patch-1.0.5.tgz",
      "integrity": "sha512-IayShXAgj/QMXgB0IWmKx+rOPuGMhqm5w6jvFxmVenXKIzRqTAAsbBPT3kWQeGANj3jGgvcvv4yK6SxqYmikgw=="
    },
    "node_modules/fsevents": {
      "version": "2.3.2",
      "resolved": "https://registry.npmjs.org/fsevents/-/fsevents-2.3.2.tgz",
      "integrity": "sha512-xiqMQR4xAeHTuB9uWm+fFRcIOgKBMiOBP+eXiyT7jsgVCq1bkVygt00oASowB7EdtpOHaaPgKt812P9ab+DDKA==",
      "dev": true,
      "hasInstallScript": true,
      "optional": true,
      "os": [
        "darwin"
      ],
      "engines": {
        "node": "^8.16.0 || ^10.6.0 || >=11.0.0"
      }
    },
    "node_modules/json-schema": {
      "version": "0.4.0",
      "resolved": "https://registry.npmjs.org/json-schema/-/json-schema-0.4.0.tgz",
      "integrity": "sha512-es94M3nTIfsEPisRafak+HDLfHXnKBhV3vU5eqPcS3flIWqcxJWgXHXiey3YrpaNsanY5ei1VoYEbOzijuq9BA=="
    },
    "node_modules/jsondiffpatch": {
      "version": "0.6.0",
      "resolved": "https://registry.npmjs.org/jsondiffpatch/-/jsondiffpatch-0.6.0.tgz",
      "integrity": "sha512-3QItJOXp2AP1uv7waBkao5nCvhEv+QmJAd38Ybq7wNI74Q+BBmnLn4EDKz6yI9xGAIQoUF87qHt+kc1IVxB4zQ==",
      "dependencies": {
        "@types/diff-match-patch": "^1.0.36",
        "chalk": "^5.3.0",
        "diff-match-patch": "^1.0.5"
      },
      "bin": {
        "jsondiffpatch": "bin/jsondiffpatch.js"
      },
      "engines": {
        "node": "^18.0.0 || >=20.0.0"
      }
    },
    "node_modules/nanoid": {
      "version": "3.3.11",
      "resolved": "https://registry.npmjs.org/nanoid/-/nanoid-3.3.11.tgz",
      "integrity": "sha512-N8SpfPUnUp1bK+PMYW8qSWdl9U+wwNWI4QKxOYDy9JAro3WMX7p2OeVRF9v+347pnakNevPmiHhNmZ2HbFA76w==",
      "funding": [
        {
          "type": "github",
          "url": "https://github.com/sponsors/ai"
        }
      ],
      "license": "MIT",
      "bin": {
        "nanoid": "bin/nanoid.cjs"
      },
      "engines": {
        "node": "^10 || ^12 || ^13.7 || ^14 || >=15.0.1"
      }
    },
    "node_modules/ollama-ai-provider": {
      "version": "1.2.0",
      "resolved": "https://registry.npmjs.org/ollama-ai-provider/-/ollama-ai-provider-1.2.0.tgz",
      "integrity": "sha512-jTNFruwe3O/ruJeppI/quoOUxG7NA6blG3ZyQj3lei4+NnJo7bi3eIRWqlVpRlu/mbzbFXeJSBuYQWF6pzGKww==",
      "dev": true,
      "license": "Apache-2.0",
      "dependencies": {
        "@ai-sdk/provider": "^1.0.0",
        "@ai-sdk/provider-utils": "^2.0.0",
        "partial-json": "0.1.7"
      },
      "engines": {
        "node": ">=18"
      },
      "peerDependencies": {
        "zod": "^3.0.0"
      },
      "peerDependenciesMeta": {
        "zod": {
          "optional": true
        }
      }
    },
    "node_modules/partial-json": {
      "version": "0.1.7",
      "resolved": "https://registry.npmjs.org/partial-json/-/partial-json-0.1.7.tgz",
      "integrity": "sha512-Njv/59hHaokb/hRUjce3Hdv12wd60MtM9Z5Olmn+nehe0QDAsRtRbJPvJ0Z91TusF0SuZRIvnM+S4l6EIP8leA==",
      "dev": true
    },
    "node_modules/playwright": {
      "version": "1.52.0",
      "resolved": "https://registry.npmjs.org/playwright/-/playwright-1.52.0.tgz",
      "integrity": "sha512-JAwMNMBlxJ2oD1kce4KPtMkDeKGHQstdpFPcPH3maElAXon/QZeTvtsfXmTMRyO9TslfoYOXkSsvao2nE1ilTw==",
      "dev": true,
      "license": "Apache-2.0",
      "dependencies": {
        "playwright-core": "1.52.0"
      },
      "bin": {
        "playwright": "cli.js"
      },
      "engines": {
        "node": ">=18"
      },
      "optionalDependencies": {
        "fsevents": "2.3.2"
      }
    },
    "node_modules/playwright-core": {
      "version": "1.52.0",
      "resolved": "https://registry.npmjs.org/playwright-core/-/playwright-core-1.52.0.tgz",
      "integrity": "sha512-l2osTgLXSMeuLZOML9qYODUQoPPnUsKsb5/P6LJ2e6uPKXUdPK5WYhN4z03G+YNbWmGDY4YENauNu4ZKczreHg==",
      "dev": true,
      "license": "Apache-2.0",
      "bin": {
        "playwright-core": "cli.js"
      },
      "engines": {
        "node": ">=18"
      }
    },
    "node_modules/react": {
      "version": "19.1.0",
      "resolved": "https://registry.npmjs.org/react/-/react-19.1.0.tgz",
      "integrity": "sha512-FS+XFBNvn3GTAWq26joslQgWNoFu08F4kl0J4CgdNKADkdSGXQyTCnKteIAJy96Br6YbpEU1LSzV5dYtjMkMDg==",
      "license": "MIT",
      "peer": true,
      "engines": {
        "node": ">=0.10.0"
      }
    },
    "node_modules/secure-json-parse": {
      "version": "2.7.0",
      "resolved": "https://registry.npmjs.org/secure-json-parse/-/secure-json-parse-2.7.0.tgz",
      "integrity": "sha512-6aU+Rwsezw7VR8/nyvKTx8QpWH9FrcYiXXlqC4z5d5XQBDRqtbfsRjnwGyqbi3gddNtWHuEk9OANUotL26qKUw=="
    },
    "node_modules/swr": {
      "version": "2.3.3",
      "resolved": "https://registry.npmjs.org/swr/-/swr-2.3.3.tgz",
      "integrity": "sha512-dshNvs3ExOqtZ6kJBaAsabhPdHyeY4P2cKwRCniDVifBMoG/SVI7tfLWqPXriVspf2Rg4tPzXJTnwaihIeFw2A==",
      "license": "MIT",
      "dependencies": {
        "dequal": "^2.0.3",
        "use-sync-external-store": "^1.4.0"
      },
      "peerDependencies": {
        "react": "^16.11.0 || ^17.0.0 || ^18.0.0 || ^19.0.0"
      }
    },
    "node_modules/throttleit": {
      "version": "2.1.0",
      "resolved": "https://registry.npmjs.org/throttleit/-/throttleit-2.1.0.tgz",
      "integrity": "sha512-nt6AMGKW1p/70DF/hGBdJB57B8Tspmbp5gfJ8ilhLnt7kkr2ye7hzD6NVG8GGErk2HWF34igrL2CXmNIkzKqKw==",
      "license": "MIT",
      "engines": {
        "node": ">=18"
      },
      "funding": {
        "url": "https://github.com/sponsors/sindresorhus"
      }
    },
    "node_modules/turndown": {
      "version": "7.2.0",
      "resolved": "https://registry.npmjs.org/turndown/-/turndown-7.2.0.tgz",
      "integrity": "sha512-eCZGBN4nNNqM9Owkv9HAtWRYfLA4h909E/WGAWWBpmB275ehNhZyk87/Tpvjbp0jjNl9XwCsbe6bm6CqFsgD+A==",
      "license": "MIT",
      "dependencies": {
        "@mixmark-io/domino": "^2.2.0"
      }
    },
    "node_modules/typescript": {
      "version": "5.8.3",
      "resolved": "https://registry.npmjs.org/typescript/-/typescript-5.8.3.tgz",
      "integrity": "sha512-p1diW6TqL9L07nNxvRMM7hMMw4c5XOo/1ibL4aAIGmSAt9slTE1Xgw5KWuof2uTOvCg9BY7ZRi+GaF+7sfgPeQ==",
      "dev": true,
      "license": "Apache-2.0",
      "bin": {
        "tsc": "bin/tsc",
        "tsserver": "bin/tsserver"
      },
      "engines": {
        "node": ">=14.17"
      }
    },
    "node_modules/undici-types": {
      "version": "6.21.0",
      "resolved": "https://registry.npmjs.org/undici-types/-/undici-types-6.21.0.tgz",
      "integrity": "sha512-iwDZqg0QAGrg9Rav5H4n0M64c3mkR59cJ6wQp+7C4nI0gsmExaedaYLNO44eT4AtBBwjbTiGPMlt2Md0T9H9JQ==",
      "dev": true,
      "license": "MIT"
    },
    "node_modules/use-sync-external-store": {
      "version": "1.5.0",
      "resolved": "https://registry.npmjs.org/use-sync-external-store/-/use-sync-external-store-1.5.0.tgz",
      "integrity": "sha512-Rb46I4cGGVBmjamjphe8L/UnvJD+uPPtTkNvX5mZgqdbavhI4EbgIWJiIHXJ8bc/i9EQGPRh4DwEURJ552Do0A==",
      "license": "MIT",
      "peerDependencies": {
        "react": "^16.8.0 || ^17.0.0 || ^18.0.0 || ^19.0.0"
      }
    },
    "node_modules/zod": {
      "version": "3.24.4",
      "resolved": "https://registry.npmjs.org/zod/-/zod-3.24.4.tgz",
      "integrity": "sha512-OdqJE9UDRPwWsrHjLN2F8bPxvwJBK22EHLWtanu0LSYr5YqzsaaW3RMgmjwr8Rypg5k+meEJdSPXJZXE/yqOMg==",
      "license": "MIT",
      "funding": {
        "url": "https://github.com/sponsors/colinhacks"
      }
    },
    "node_modules/zod-to-json-schema": {
      "version": "3.24.5",
      "resolved": "https://registry.npmjs.org/zod-to-json-schema/-/zod-to-json-schema-3.24.5.tgz",
      "integrity": "sha512-/AuWwMP+YqiPbsJx5D6TfgRTc4kTLjsh5SOcd4bLsfUg2RcEXrFMJl1DGgdHy2aCfsIA/cr/1JM0xcB2GZji8g==",
      "license": "ISC",
      "peerDependencies": {
        "zod": "^3.24.1"
      }
    }
  }
}
